[[package]]
name = "argcomplete"
version = "1.12.1"
description = "Bash tab completion for argparse"
category = "dev"
optional = false
python-versions = "*"

[package.extras]
test = ["coverage", "flake8", "pexpect", "wheel"]

[[package]]
name = "awscli"
version = "1.18.168"
description = "Universal Command Line Environment for AWS."
category = "dev"
optional = false
python-versions = "*"

[package.dependencies]
botocore = "1.19.8"
colorama = {version = ">=0.2.5,<0.4.4", markers = "python_version != \"3.4\""}
docutils = ">=0.10,<0.16"
PyYAML = {version = ">=3.10,<5.4", markers = "python_version != \"3.4\""}
rsa = {version = ">=3.1.2,<=4.5.0", markers = "python_version != \"3.4\""}
s3transfer = ">=0.3.0,<0.4.0"

[[package]]
name = "awslogs"
version = "0.14.0"
description = "awslogs is a simple command line tool to read aws cloudwatch logs."
category = "dev"
optional = false
python-versions = ">=3.5.*"

[package.dependencies]
boto3 = ">=1.5.0"
jmespath = ">=0.7.1,<1.0.0"
python-dateutil = ">=2.4.0"
termcolor = ">=1.1.0"

[[package]]
name = "boto3"
version = "1.16.8"
description = "The AWS SDK for Python"
category = "dev"
optional = false
python-versions = "*"

[package.dependencies]
botocore = ">=1.19.8,<1.20.0"
jmespath = ">=0.7.1,<1.0.0"
s3transfer = ">=0.3.0,<0.4.0"

[[package]]
name = "botocore"
version = "1.19.8"
description = "Low-level, data-driven core of boto 3."
category = "dev"
optional = false
python-versions = "*"

[package.dependencies]
jmespath = ">=0.7.1,<1.0.0"
python-dateutil = ">=2.1,<3.0.0"
urllib3 = {version = ">=1.25.4,<1.26", markers = "python_version != \"3.4\""}

[[package]]
name = "colorama"
version = "0.4.3"
description = "Cross-platform colored terminal text."
category = "dev"
optional = false
python-versions = ">=2.7, !=3.0.*, !=3.1.*, !=3.2.*, !=3.3.*, !=3.4.*"

[[package]]
name = "docutils"
version = "0.15.2"
description = "Docutils -- Python Documentation Utilities"
category = "dev"
optional = false
python-versions = ">=2.6, !=3.0.*, !=3.1.*, !=3.2.*"

[[package]]
name = "jmespath"
version = "0.10.0"
description = "JSON Matching Expressions"
category = "dev"
optional = false
python-versions = ">=2.6, !=3.0.*, !=3.1.*, !=3.2.*"

[[package]]
name = "pyasn1"
version = "0.4.8"
description = "ASN.1 types and codecs"
category = "dev"
optional = false
python-versions = "*"

[[package]]
name = "python-dateutil"
version = "2.8.1"
description = "Extensions to the standard Python datetime module"
category = "dev"
optional = false
python-versions = "!=3.0.*,!=3.1.*,!=3.2.*,>=2.7"

[package.dependencies]
six = ">=1.5"

[[package]]
name = "pyyaml"
version = "5.3.1"
description = "YAML parser and emitter for Python"
category = "dev"
optional = false
python-versions = ">=2.7, !=3.0.*, !=3.1.*, !=3.2.*, !=3.3.*, !=3.4.*"

[[package]]
name = "rsa"
version = "4.5"
description = "Pure-Python RSA implementation"
category = "dev"
optional = false
python-versions = ">=2.7, !=3.0.*, !=3.1.*, !=3.2.*, !=3.3.*, !=3.4.*, <4"

[package.dependencies]
pyasn1 = ">=0.1.3"

[[package]]
name = "s3transfer"
version = "0.3.3"
description = "An Amazon S3 Transfer Manager"
category = "dev"
optional = false
python-versions = "*"

[package.dependencies]
botocore = ">=1.12.36,<2.0a.0"

[[package]]
name = "six"
version = "1.15.0"
description = "Python 2 and 3 compatibility utilities"
category = "dev"
optional = false
python-versions = ">=2.7, !=3.0.*, !=3.1.*, !=3.2.*"

[[package]]
name = "termcolor"
version = "1.1.0"
description = "ANSII Color formatting for output in terminal."
category = "dev"
optional = false
python-versions = "*"

[[package]]
name = "urllib3"
version = "1.25.11"
description = "HTTP library with thread-safe connection pooling, file post, and more."
category = "dev"
optional = false
python-versions = ">=2.7, !=3.0.*, !=3.1.*, !=3.2.*, !=3.3.*, !=3.4.*, <4"

[package.extras]
brotli = ["brotlipy (>=0.6.0)"]
secure = ["pyOpenSSL (>=0.14)", "cryptography (>=1.3.4)", "idna (>=2.0.0)", "certifi", "ipaddress"]
socks = ["PySocks (>=1.5.6,!=1.5.7,<2.0)"]

[[package]]
name = "xmltodict"
version = "0.12.0"
description = "Makes working with XML feel like you are working with JSON"
category = "dev"
optional = false
python-versions = ">=2.7, !=3.0.*, !=3.1.*, !=3.2.*, !=3.3.*"

[[package]]
name = "yq"
version = "2.11.1"
description = "Command-line YAML/XML processor - jq wrapper for YAML/XML documents"
category = "dev"
optional = false
python-versions = "*"

[package.dependencies]
argcomplete = ">=1.8.1"
PyYAML = ">=3.11"
xmltodict = ">=0.11.0"

[package.extras]
test = ["coverage", "flake8", "wheel"]

[metadata]
lock-version = "1.1"
python-versions = "^3.8"
content-hash = "7bcabb81259793c16a8a38eae59dd32836e8bdd59c656809a27b8c071bcd941b"

[metadata.files]
argcomplete = [
    {file = "argcomplete-1.12.1-py2.py3-none-any.whl", hash = "sha256:5cd1ac4fc49c29d6016fc2cc4b19a3c08c3624544503495bf25989834c443898"},
    {file = "argcomplete-1.12.1.tar.gz", hash = "sha256:849c2444c35bb2175aea74100ca5f644c29bf716429399c0f2203bb5d9a8e4e6"},
]
awscli = [
    {file = "awscli-1.18.168-py2.py3-none-any.whl", hash = "sha256:5f1cd5da64d04854b10e951b6ca541a2fcdafe338788b1d85608d8c07aa1e360"},
    {file = "awscli-1.18.168.tar.gz", hash = "sha256:31b8069745d4331172312792d9957e08608deb98efcdbff1ddaa8ec0e1a76966"},
]
awslogs = [
    {file = "awslogs-0.14.0-py2.py3-none-any.whl", hash = "sha256:a47d368329679876c90ba9a5391dcdcb6c7fe237768dd1487c54752f835e2e76"},
    {file = "awslogs-0.14.0.tar.gz", hash = "sha256:1b249f87fa2adfae39b9867f3066ac00b9baf401f4783583ab28fcdea338f77e"},
]
boto3 = [
    {file = "boto3-1.16.8-py2.py3-none-any.whl", hash = "sha256:207d129d808659b6d5668dc106918aa906373cf00652a53422131e7218df39cf"},
    {file = "boto3-1.16.8.tar.gz", hash = "sha256:0f8f9ef5e902e05b32f4b7ae3bf948a47675613f5a99185f63d2ef4183225086"},
]
botocore = [
    {file = "botocore-1.19.8-py2.py3-none-any.whl", hash = "sha256:da7ecc69b6e2ea42fb849928635c0689cae32a95cb38f82b21213d276e75a4a4"},
    {file = "botocore-1.19.8.tar.gz", hash = "sha256:2e03401b4e0bc1f32fa11b7d1025975a2955f185dd2650fda6e33c70daeaba4c"},
]
colorama = [
    {file = "colorama-0.4.3-py2.py3-none-any.whl", hash = "sha256:7d73d2a99753107a36ac6b455ee49046802e59d9d076ef8e47b61499fa29afff"},
    {file = "colorama-0.4.3.tar.gz", hash = "sha256:e96da0d330793e2cb9485e9ddfd918d456036c7149416295932478192f4436a1"},
]
docutils = [
    {file = "docutils-0.15.2-py2-none-any.whl", hash = "sha256:9e4d7ecfc600058e07ba661411a2b7de2fd0fafa17d1a7f7361cd47b1175c827"},
    {file = "docutils-0.15.2-py3-none-any.whl", hash = "sha256:6c4f696463b79f1fb8ba0c594b63840ebd41f059e92b31957c46b74a4599b6d0"},
    {file = "docutils-0.15.2.tar.gz", hash = "sha256:a2aeea129088da402665e92e0b25b04b073c04b2dce4ab65caaa38b7ce2e1a99"},
]
jmespath = [
    {file = "jmespath-0.10.0-py2.py3-none-any.whl", hash = "sha256:cdf6525904cc597730141d61b36f2e4b8ecc257c420fa2f4549bac2c2d0cb72f"},
    {file = "jmespath-0.10.0.tar.gz", hash = "sha256:b85d0567b8666149a93172712e68920734333c0ce7e89b78b3e987f71e5ed4f9"},
]
pyasn1 = [
    {file = "pyasn1-0.4.8-py2.4.egg", hash = "sha256:fec3e9d8e36808a28efb59b489e4528c10ad0f480e57dcc32b4de5c9d8c9fdf3"},
    {file = "pyasn1-0.4.8-py2.5.egg", hash = "sha256:0458773cfe65b153891ac249bcf1b5f8f320b7c2ce462151f8fa74de8934becf"},
    {file = "pyasn1-0.4.8-py2.6.egg", hash = "sha256:5c9414dcfede6e441f7e8f81b43b34e834731003427e5b09e4e00e3172a10f00"},
    {file = "pyasn1-0.4.8-py2.7.egg", hash = "sha256:6e7545f1a61025a4e58bb336952c5061697da694db1cae97b116e9c46abcf7c8"},
    {file = "pyasn1-0.4.8-py2.py3-none-any.whl", hash = "sha256:39c7e2ec30515947ff4e87fb6f456dfc6e84857d34be479c9d4a4ba4bf46aa5d"},
    {file = "pyasn1-0.4.8-py3.1.egg", hash = "sha256:78fa6da68ed2727915c4767bb386ab32cdba863caa7dbe473eaae45f9959da86"},
    {file = "pyasn1-0.4.8-py3.2.egg", hash = "sha256:08c3c53b75eaa48d71cf8c710312316392ed40899cb34710d092e96745a358b7"},
    {file = "pyasn1-0.4.8-py3.3.egg", hash = "sha256:03840c999ba71680a131cfaee6fab142e1ed9bbd9c693e285cc6aca0d555e576"},
    {file = "pyasn1-0.4.8-py3.4.egg", hash = "sha256:7ab8a544af125fb704feadb008c99a88805126fb525280b2270bb25cc1d78a12"},
    {file = "pyasn1-0.4.8-py3.5.egg", hash = "sha256:e89bf84b5437b532b0803ba5c9a5e054d21fec423a89952a74f87fa2c9b7bce2"},
    {file = "pyasn1-0.4.8-py3.6.egg", hash = "sha256:014c0e9976956a08139dc0712ae195324a75e142284d5f87f1a87ee1b068a359"},
    {file = "pyasn1-0.4.8-py3.7.egg", hash = "sha256:99fcc3c8d804d1bc6d9a099921e39d827026409a58f2a720dcdb89374ea0c776"},
    {file = "pyasn1-0.4.8.tar.gz", hash = "sha256:aef77c9fb94a3ac588e87841208bdec464471d9871bd5050a287cc9a475cd0ba"},
]
python-dateutil = [
    {file = "python-dateutil-2.8.1.tar.gz", hash = "sha256:73ebfe9dbf22e832286dafa60473e4cd239f8592f699aa5adaf10050e6e1823c"},
    {file = "python_dateutil-2.8.1-py2.py3-none-any.whl", hash = "sha256:75bb3f31ea686f1197762692a9ee6a7550b59fc6ca3a1f4b5d7e32fb98e2da2a"},
]
pyyaml = [
    {file = "PyYAML-5.3.1-cp27-cp27m-win32.whl", hash = "sha256:74809a57b329d6cc0fdccee6318f44b9b8649961fa73144a98735b0aaf029f1f"},
    {file = "PyYAML-5.3.1-cp27-cp27m-win_amd64.whl", hash = "sha256:240097ff019d7c70a4922b6869d8a86407758333f02203e0fc6ff79c5dcede76"},
    {file = "PyYAML-5.3.1-cp35-cp35m-win32.whl", hash = "sha256:4f4b913ca1a7319b33cfb1369e91e50354d6f07a135f3b901aca02aa95940bd2"},
    {file = "PyYAML-5.3.1-cp35-cp35m-win_amd64.whl", hash = "sha256:cc8955cfbfc7a115fa81d85284ee61147059a753344bc51098f3ccd69b0d7e0c"},
    {file = "PyYAML-5.3.1-cp36-cp36m-win32.whl", hash = "sha256:7739fc0fa8205b3ee8808aea45e968bc90082c10aef6ea95e855e10abf4a37b2"},
    {file = "PyYAML-5.3.1-cp36-cp36m-win_amd64.whl", hash = "sha256:69f00dca373f240f842b2931fb2c7e14ddbacd1397d57157a9b005a6a9942648"},
    {file = "PyYAML-5.3.1-cp37-cp37m-win32.whl", hash = "sha256:d13155f591e6fcc1ec3b30685d50bf0711574e2c0dfffd7644babf8b5102ca1a"},
    {file = "PyYAML-5.3.1-cp37-cp37m-win_amd64.whl", hash = "sha256:73f099454b799e05e5ab51423c7bcf361c58d3206fa7b0d555426b1f4d9a3eaf"},
    {file = "PyYAML-5.3.1-cp38-cp38-win32.whl", hash = "sha256:06a0d7ba600ce0b2d2fe2e78453a470b5a6e000a985dd4a4e54e436cc36b0e97"},
    {file = "PyYAML-5.3.1-cp38-cp38-win_amd64.whl", hash = "sha256:95f71d2af0ff4227885f7a6605c37fd53d3a106fcab511b8860ecca9fcf400ee"},
    {file = "PyYAML-5.3.1.tar.gz", hash = "sha256:b8eac752c5e14d3eca0e6dd9199cd627518cb5ec06add0de9d32baeee6fe645d"},
]
rsa = [
    {file = "rsa-4.5-py2.py3-none-any.whl", hash = "sha256:35c5b5f6675ac02120036d97cf96f1fde4d49670543db2822ba5015e21a18032"},
    {file = "rsa-4.5.tar.gz", hash = "sha256:4d409f5a7d78530a4a2062574c7bd80311bc3af29b364e293aa9b03eea77714f"},
]
s3transfer = [
    {file = "s3transfer-0.3.3-py2.py3-none-any.whl", hash = "sha256:2482b4259524933a022d59da830f51bd746db62f047d6eb213f2f8855dcb8a13"},
    {file = "s3transfer-0.3.3.tar.gz", hash = "sha256:921a37e2aefc64145e7b73d50c71bb4f26f46e4c9f414dc648c6245ff92cf7db"},
]
six = [
    {file = "six-1.15.0-py2.py3-none-any.whl", hash = "sha256:8b74bedcbbbaca38ff6d7491d76f2b06b3592611af620f8426e82dddb04a5ced"},
    {file = "six-1.15.0.tar.gz", hash = "sha256:30639c035cdb23534cd4aa2dd52c3bf48f06e5f4a941509c8bafd8ce11080259"},
]
termcolor = [
    {file = "termcolor-1.1.0.tar.gz", hash = "sha256:1d6d69ce66211143803fbc56652b41d73b4a400a2891d7bf7a1cdf4c02de613b"},
]
urllib3 = [
    {file = "urllib3-1.25.11-py2.py3-none-any.whl", hash = "sha256:f5321fbe4bf3fefa0efd0bfe7fb14e90909eb62a48ccda331726b4319897dd5e"},
    {file = "urllib3-1.25.11.tar.gz", hash = "sha256:8d7eaa5a82a1cac232164990f04874c594c9453ec55eef02eab885aa02fc17a2"},
]
xmltodict = [
    {file = "xmltodict-0.12.0-py2.py3-none-any.whl", hash = "sha256:8bbcb45cc982f48b2ca8fe7e7827c5d792f217ecf1792626f808bf41c3b86051"},
    {file = "xmltodict-0.12.0.tar.gz", hash = "sha256:50d8c638ed7ecb88d90561beedbf720c9b4e851a9fa6c47ebd64e99d166d8a21"},
]
yq = [
    {file = "yq-2.11.1-py2.py3-none-any.whl", hash = "sha256:c1e1d6abb6e80beacb9c40f9eb1105b6fc2a08d3dc908237f69f197e683cff1b"},
    {file = "yq-2.11.1.tar.gz", hash = "sha256:74f64e3784a34d8a18efd8addc83cf5ca3478a0a69517d70fd9158a3809f99e0"},
]
